// !$*UTF8*$!
{
	archiveVersion = 1;
	classes = {
	};
	objectVersion = 60;
	objects = {

/* Begin PBXBuildFile section */
		A1234567890ABCDEF0000001 /* AirGapSyncApp.swift in Sources */ = {isa = PBXBuildFile; fileRef = A1234567890ABCDEF0000002 /* AirGapSyncApp.swift */; };
		A1234567890ABCDEF0000003 /* MainView.swift in Sources */ = {isa = PBXBuildFile; fileRef = A1234567890ABCDEF0000004 /* MainView.swift */; };
		A1234567890ABCDEF0000005 /* HeaderView.swift in Sources */ = {isa = PBXBuildFile; fileRef = A1234567890ABCDEF0000006 /* HeaderView.swift */; };
		A1234567890ABCDEF0000007 /* StatusView.swift in Sources */ = {isa = PBXBuildFile; fileRef = A1234567890ABCDEF0000008 /* StatusView.swift */; };
		A1234567890ABCDEF0000009 /* DevicesView.swift in Sources */ = {isa = PBXBuildFile; fileRef = A1234567890ABCDEF000000A /* DevicesView.swift */; };
		A1234567890ABCDEF000000B /* SettingsView.swift in Sources */ = {isa = PBXBuildFile; fileRef = A1234567890ABCDEF000000C /* SettingsView.swift */; };
		A1234567890ABCDEF000000D /* FooterView.swift in Sources */ = {isa = PBXBuildFile; fileRef = A1234567890ABCDEF000000E /* FooterView.swift */; };
		A1234567890ABCDEF000000F /* Device.swift in Sources */ = {isa = PBXBuildFile; fileRef = A1234567890ABCDEF0000010 /* Device.swift */; };
		A1234567890ABCDEF0000011 /* SyncManager.swift in Sources */ = {isa = PBXBuildFile; fileRef = A1234567890ABCDEF0000012 /* SyncManager.swift */; };
/* End PBXBuildFile section */

/* Begin PBXFileReference section */
		A1234567890ABCDEF0000001 /* AirGapSync.app */ = {isa = PBXFileReference; explicitFileType = wrapper.application; includeInIndex = 0; path = AirGapSync.app; sourceTree = BUILT_PRODUCTS_DIR; };
		A1234567890ABCDEF0000002 /* AirGapSyncApp.swift */ = {isa = PBXFileReference; lastKnownFileType = sourcecode.swift; path = AirGapSyncApp.swift; sourceTree = "<group>"; };
		A1234567890ABCDEF0000004 /* MainView.swift */ = {isa = PBXFileReference; lastKnownFileType = sourcecode.swift; path = MainView.swift; sourceTree = "<group>"; };
		A1234567890ABCDEF0000006 /* HeaderView.swift */ = {isa = PBXFileReference; lastKnownFileType = sourcecode.swift; path = HeaderView.swift; sourceTree = "<group>"; };
		A1234567890ABCDEF0000008 /* StatusView.swift */ = {isa = PBXFileReference; lastKnownFileType = sourcecode.swift; path = StatusView.swift; sourceTree = "<group>"; };
		A1234567890ABCDEF000000A /* DevicesView.swift */ = {isa = PBXFileReference; lastKnownFileType = sourcecode.swift; path = DevicesView.swift; sourceTree = "<group>"; };
		A1234567890ABCDEF000000C /* SettingsView.swift */ = {isa = PBXFileReference; lastKnownFileType = sourcecode.swift; path = SettingsView.swift; sourceTree = "<group>"; };
		A1234567890ABCDEF000000E /* FooterView.swift */ = {isa = PBXFileReference; lastKnownFileType = sourcecode.swift; path = FooterView.swift; sourceTree = "<group>"; };
		A1234567890ABCDEF0000010 /* Device.swift */ = {isa = PBXFileReference; lastKnownFileType = sourcecode.swift; path = Device.swift; sourceTree = "<group>"; };
		A1234567890ABCDEF0000012 /* SyncManager.swift */ = {isa = PBXFileReference; lastKnownFileType = sourcecode.swift; path = SyncManager.swift; sourceTree = "<group>"; };
		A1234567890ABCDEF0000015 /* Info.plist */ = {isa = PBXFileReference; lastKnownFileType = text.plist.xml; path = Info.plist; sourceTree = "<group>"; };
/* End PBXFileReference section */

/* Begin PBXFrameworksBuildPhase section */
		A1234567890ABCDEF0000020 /* Frameworks */ = {
			isa = PBXFrameworksBuildPhase;
			buildActionMask = 2147483647;
			files = (
			);
			runOnlyForDeploymentPostprocessing = 0;
		};
/* End PBXFrameworksBuildPhase section */

/* Begin PBXGroup section */
		A1234567890ABCDEF0000030 = {
			isa = PBXGroup;
			children = (
				A1234567890ABCDEF0000031 /* AirGapSync */,
				A1234567890ABCDEF0000040 /* Products */,
			);
			sourceTree = "<group>";
		};
		A1234567890ABCDEF0000031 /* AirGapSync */ = {
			isa = PBXGroup;
			children = (
				A1234567890ABCDEF0000002 /* AirGapSyncApp.swift */,
				A1234567890ABCDEF0000032 /* Views */,
				A1234567890ABCDEF0000035 /* Models */,
				A1234567890ABCDEF0000037 /* Managers */,
				A1234567890ABCDEF0000015 /* Info.plist */,
			);
			path = src/swift_ui;
			sourceTree = "<group>";
		};
		A1234567890ABCDEF0000032 /* Views */ = {
			isa = PBXGroup;
			children = (
				A1234567890ABCDEF0000004 /* MainView.swift */,
				A1234567890ABCDEF0000006 /* HeaderView.swift */,
				A1234567890ABCDEF0000008 /* StatusView.swift */,
				A1234567890ABCDEF000000A /* DevicesView.swift */,
				A1234567890ABCDEF000000C /* SettingsView.swift */,
				A1234567890ABCDEF000000E /* FooterView.swift */,
			);
			path = Views;
			sourceTree = "<group>";
		};
		A1234567890ABCDEF0000035 /* Models */ = {
			isa = PBXGroup;
			children = (
				A1234567890ABCDEF0000010 /* Device.swift */,
			);
			path = Models;
			sourceTree = "<group>";
		};
		A1234567890ABCDEF0000037 /* Managers */ = {
			isa = PBXGroup;
			children = (
				A1234567890ABCDEF0000012 /* SyncManager.swift */,
			);
			path = Managers;
			sourceTree = "<group>";
		};
		A1234567890ABCDEF0000040 /* Products */ = {
			isa = PBXGroup;
			children = (
				A1234567890ABCDEF0000001 /* AirGapSync.app */,
			);
			name = Products;
			sourceTree = "<group>";
		};
/* End PBXGroup section */

/* Begin PBXNativeTarget section */
		A1234567890ABCDEF0000060 /* AirGapSync */ = {
			isa = PBXNativeTarget;
			buildConfigurationList = A1234567890ABCDEF0000070 /* Build configuration list for PBXNativeTarget "AirGapSync" */;
			buildPhases = (
				A1234567890ABCDEF0000061 /* Sources */,
				A1234567890ABCDEF0000020 /* Frameworks */,
				A1234567890ABCDEF0000062 /* Resources */,
			);
			buildRules = (
			);
			dependencies = (
			);
			name = AirGapSync;
			productName = AirGapSync;
			productReference = A1234567890ABCDEF0000001 /* AirGapSync.app */;
			productType = "com.apple.product-type.application";
		};
/* End PBXNativeTarget section */

/* Begin PBXProject section */
		A1234567890ABCDEF0000080 /* Project object */ = {
			isa = PBXProject;
			attributes = {
				BuildIndependentTargetsInParallel = 1;
				LastSwiftUpdateCheck = 1500;
				LastUpgradeCheck = 1500;
				TargetAttributes = {
					A1234567890ABCDEF0000060 = {
						CreatedOnToolsVersion = 15.0;
					};
				};
			};
			buildConfigurationList = A1234567890ABCDEF0000090 /* Build configuration list for PBXProject "AirGapSync" */;
			compatibilityVersion = "Xcode 14.0";
			developmentRegion = en;
			hasScannedForEncodings = 0;
			knownRegions = (
				en,
				Base,
			);
			mainGroup = A1234567890ABCDEF0000030;
			productRefGroup = A1234567890ABCDEF0000040 /* Products */;
			projectDirPath = "";
			projectRoot = "";
			targets = (
				A1234567890ABCDEF0000060 /* AirGapSync */,
			);
		};
/* End PBXProject section */

/* Begin PBXResourcesBuildPhase section */
		A1234567890ABCDEF0000062 /* Resources */ = {
			isa = PBXResourcesBuildPhase;
			buildActionMask = 2147483647;
			files = (
			);
			runOnlyForDeploymentPostprocessing = 0;
		};
/* End PBXResourcesBuildPhase section */

/* Begin PBXSourcesBuildPhase section */
		A1234567890ABCDEF0000061 /* Sources */ = {
			isa = PBXSourcesBuildPhase;
			buildActionMask = 2147483647;
			files = (
				A1234567890ABCDEF0000001 /* AirGapSyncApp.swift in Sources */,
				A1234567890ABCDEF0000003 /* MainView.swift in Sources */,
				A1234567890ABCDEF0000005 /* HeaderView.swift in Sources */,
				A1234567890ABCDEF0000007 /* StatusView.swift in Sources */,
				A1234567890ABCDEF0000009 /* DevicesView.swift in Sources */,
				A1234567890ABCDEF000000B /* SettingsView.swift in Sources */,
				A1234567890ABCDEF000000D /* FooterView.swift in Sources */,
				A1234567890ABCDEF000000F /* Device.swift in Sources */,
				A1234567890ABCDEF0000011 /* SyncManager.swift in Sources */,
			);
			runOnlyForDeploymentPostprocessing = 0;
		};
/* End PBXSourcesBuildPhase section */

/* Begin XCBuildConfiguration section */
		A1234567890ABCDEF0000100 /* Debug */ = {
			isa = XCBuildConfiguration;
			buildSettings = {
				ALWAYS_SEARCH_USER_PATHS = NO;
				ASSETCATALOG_COMPILER_GENERATE_SWIFT_ASSET_SYMBOL_EXTENSIONS = YES;
				CLANG_ANALYZER_NONNULL = YES;
				CLANG_ANALYZER_NUMBER_OBJECT_CONVERSION = YES_AGGRESSIVE;
				CLANG_CXX_LANGUAGE_STANDARD = "gnu++20";
				CLANG_ENABLE_MODULES = YES;
				CLANG_ENABLE_OBJC_ARC = YES;
				CLANG_ENABLE_OBJC_WEAK = YES;
				CLANG_WARN_BLOCK_CAPTURE_AUTORELEASING = YES;
				CLANG_WARN_BOOL_CONVERSION = YES;
				CLANG_WARN_COMMA = YES;
				CLANG_WARN_CONSTANT_CONVERSION = YES;
				CLANG_WARN_DEPRECATED_OBJC_IMPLEMENTATIONS = YES;
				CLANG_WARN_DIRECT_OBJC_ISA_USAGE = YES_ERROR;
				CLANG_WARN_DOCUMENTATION_COMMENTS = YES;
				CLANG_WARN_EMPTY_BODY = YES;
				CLANG_WARN_ENUM_CONVERSION = YES;
				CLANG_WARN_INFINITE_RECURSION = YES;
				CLANG_WARN_INT_CONVERSION = YES;
				CLANG_WARN_NON_LITERAL_NULL_CONVERSION = YES;
				CLANG_WARN_OBJC_IMPLICIT_RETAIN_SELF = YES;
				CLANG_WARN_OBJC_LITERAL_CONVERSION = YES;
				CLANG_WARN_OBJC_ROOT_CLASS = YES_ERROR;
				CLANG_WARN_QUOTED_INCLUDE_IN_FRAMEWORK_HEADER = YES;
				CLANG_WARN_RANGE_LOOP_ANALYSIS = YES;
				CLANG_WARN_STRICT_PROTOTYPES = YES;
				CLANG_WARN_SUSPICIOUS_MOVE = YES;
				CLANG_WARN_UNGUARDED_AVAILABILITY = YES_AGGRESSIVE;
				CLANG_WARN_UNREACHABLE_CODE = YES;
				CLANG_WARN__DUPLICATE_METHOD_MATCH = YES;
				COPY_PHASE_STRIP = NO;
				DEBUG_INFORMATION_FORMAT = dwarf;
				ENABLE_STRICT_OBJC_MSGSEND = YES;
				ENABLE_TESTABILITY = YES;
				ENABLE_USER_SCRIPT_SANDBOXING = YES;
				GCC_C_LANGUAGE_STANDARD = gnu17;
				GCC_DYNAMIC_NO_PIC = NO;
				GCC_NO_COMMON_BLOCKS = YES;
				GCC_OPTIMIZATION_LEVEL = 0;
				GCC_PREPROCESSOR_DEFINITIONS = (
					"DEBUG=1",
					"$(inherited)",
				);
				GCC_WARN_64_TO_32_BIT_CONVERSION = YES;
				GCC_WARN_ABOUT_RETURN_TYPE = YES_ERROR;
				GCC_WARN_UNDECLARED_SELECTOR = YES;
				GCC_WARN_UNINITIALIZED_AUTOS = YES_AGGRESSIVE;
				GCC_WARN_UNUSED_FUNCTION = YES;
				GCC_WARN_UNUSED_VARIABLE = YES;
				LOCALIZATION_PREFERS_STRING_CATALOGS = YES;
				MACOSX_DEPLOYMENT_TARGET = 13.0;
				MTL_ENABLE_DEBUG_INFO = INCLUDE_SOURCE;
				MTL_FAST_MATH = YES;
				ONLY_ACTIVE_ARCH = YES;
				SDKROOT = macosx;
				SWIFT_ACTIVE_COMPILATION_CONDITIONS = "DEBUG $(inherited)";
				SWIFT_OPTIMIZATION_LEVEL = "-Onone";
			};
			name = Debug;
		};
		A1234567890ABCDEF0000101 /* Release */ = {
			isa = XCBuildConfiguration;
			buildSettings = {
				ALWAYS_SEARCH_USER_PATHS = NO;
				ASSETCATALOG_COMPILER_GENERATE_SWIFT_ASSET_SYMBOL_EXTENSIONS = YES;
				CLANG_ANALYZER_NONNULL = YES;
				CLANG_ANALYZER_NUMBER_OBJECT_CONVERSION = YES_AGGRESSIVE;
				CLANG_CXX_LANGUAGE_STANDARD = "gnu++20";
				CLANG_ENABLE_MODULES = YES;
				CLANG_ENABLE_OBJC_ARC = YES;
				CLANG_ENABLE_OBJC_WEAK = YES;
				CLANG_WARN_BLOCK_CAPTURE_AUTORELEASING = YES;
				CLANG_WARN_BOOL_CONVERSION = YES;
				CLANG_WARN_COMMA = YES;
				CLANG_WARN_CONSTANT_CONVERSION = YES;
				CLANG_WARN_DEPRECATED_OBJC_IMPLEMENTATIONS = YES;
				CLANG_WARN_DIRECT_OBJC_ISA_USAGE = YES_ERROR;
				CLANG_WARN_DOCUMENTATION_COMMENTS = YES;
				CLANG_WARN_EMPTY_BODY = YES;
				CLANG_WARN_ENUM_CONVERSION = YES;
				CLANG_WARN_INFINITE_RECURSION = YES;
				CLANG_WARN_INT_CONVERSION = YES;
				CLANG_WARN_NON_LITERAL_NULL_CONVERSION = YES;
				CLANG_WARN_OBJC_IMPLICIT_RETAIN_SELF = YES;
				CLANG_WARN_OBJC_LITERAL_CONVERSION = YES;
				CLANG_WARN_OBJC_ROOT_CLASS = YES_ERROR;
				CLANG_WARN_QUOTED_INCLUDE_IN_FRAMEWORK_HEADER = YES;
				CLANG_WARN_RANGE_LOOP_ANALYSIS = YES;
				CLANG_WARN_STRICT_PROTOTYPES = YES;
				CLANG_WARN_SUSPICIOUS_MOVE = YES;
				CLANG_WARN_UNGUARDED_AVAILABILITY = YES_AGGRESSIVE;
				CLANG_WARN_UNREACHABLE_CODE = YES;
				CLANG_WARN__DUPLICATE_METHOD_MATCH = YES;
				COPY_PHASE_STRIP = NO;
				DEBUG_INFORMATION_FORMAT = "dwarf-with-dsym";
				ENABLE_NS_ASSERTIONS = NO;
				ENABLE_STRICT_OBJC_MSGSEND = YES;
				ENABLE_USER_SCRIPT_SANDBOXING = YES;
				GCC_C_LANGUAGE_STANDARD = gnu17;
				GCC_NO_COMMON_BLOCKS = YES;
				GCC_WARN_64_TO_32_BIT_CONVERSION = YES;
				GCC_WARN_ABOUT_RETURN_TYPE = YES_ERROR;
				GCC_WARN_UNDECLARED_SELECTOR = YES;
				GCC_WARN_UNINITIALIZED_AUTOS = YES_AGGRESSIVE;
				GCC_WARN_UNUSED_FUNCTION = YES;
				GCC_WARN_UNUSED_VARIABLE = YES;
				LOCALIZATION_PREFERS_STRING_CATALOGS = YES;
				MACOSX_DEPLOYMENT_TARGET = 13.0;
				MTL_ENABLE_DEBUG_INFO = NO;
				MTL_FAST_MATH = YES;
				SDKROOT = macosx;
				SWIFT_COMPILATION_MODE = wholemodule;
			};
			name = Release;
		};
		A1234567890ABCDEF0000102 /* Debug */ = {
			isa = XCBuildConfiguration;
			buildSettings = {
				ASSETCATALOG_COMPILER_APPICON_NAME = AppIcon;
				ASSETCATALOG_COMPILER_GLOBAL_ACCENT_COLOR_NAME = AccentColor;
				CODE_SIGN_ENTITLEMENTS = AirGapSync.entitlements;
				CODE_SIGN_STYLE = Automatic;
				COMBINE_HIDPI_IMAGES = YES;
				CURRENT_PROJECT_VERSION = 1;
				DEVELOPMENT_TEAM = "";
				ENABLE_HARDENED_RUNTIME = YES;
				ENABLE_PREVIEWS = YES;
				GENERATE_INFOPLIST_FILE = YES;
				INFOPLIST_FILE = src/swift_ui/Info.plist;
				INFOPLIST_KEY_CFBundleDisplayName = AirGapSync;
				INFOPLIST_KEY_LSApplicationCategoryType = "public.app-category.utilities";
				INFOPLIST_KEY_NSHumanReadableCopyright = "";
				LD_RUNPATH_SEARCH_PATHS = (
					"$(inherited)",
					"@executable_path/../Frameworks",
				);
				MARKETING_VERSION = 0.1.0;
				PRODUCT_BUNDLE_IDENTIFIER = com.doublegate.airgapsync;
				PRODUCT_NAME = "$(TARGET_NAME)";
				SWIFT_EMIT_LOC_STRINGS = YES;
				SWIFT_VERSION = 5.0;
			};
			name = Debug;
		};
		A1234567890ABCDEF0000103 /* Release */ = {
			isa = XCBuildConfiguration;
			buildSettings = {
				ASSETCATALOG_COMPILER_APPICON_NAME = AppIcon;
				ASSETCATALOG_COMPILER_GLOBAL_ACCENT_COLOR_NAME = AccentColor;
				CODE_SIGN_ENTITLEMENTS = AirGapSync.entitlements;
				CODE_SIGN_STYLE = Automatic;
				COMBINE_HIDPI_IMAGES = YES;
				CURRENT_PROJECT_VERSION = 1;
				DEVELOPMENT_TEAM = "";
				ENABLE_HARDENED_RUNTIME = YES;
				ENABLE_PREVIEWS = YES;
				GENERATE_INFOPLIST_FILE = YES;
				INFOPLIST_FILE = src/swift_ui/Info.plist;
				INFOPLIST_KEY_CFBundleDisplayName = AirGapSync;
				INFOPLIST_KEY_LSApplicationCategoryType = "public.app-category.utilities";
				INFOPLIST_KEY_NSHumanReadableCopyright = "";
				LD_RUNPATH_SEARCH_PATHS = (
					"$(inherited)",
					"@executable_path/../Frameworks",
				);
				MARKETING_VERSION = 0.1.0;
				PRODUCT_BUNDLE_IDENTIFIER = com.doublegate.airgapsync;
				PRODUCT_NAME = "$(TARGET_NAME)";
				SWIFT_EMIT_LOC_STRINGS = YES;
				SWIFT_VERSION = 5.0;
			};
			name = Release;
		};
/* End XCBuildConfiguration section */

/* Begin XCConfigurationList section */
		A1234567890ABCDEF0000070 /* Build configuration list for PBXNativeTarget "AirGapSync" */ = {
			isa = XCConfigurationList;
			buildConfigurations = (
				A1234567890ABCDEF0000102 /* Debug */,
				A1234567890ABCDEF0000103 /* Release */,
			);
			defaultConfigurationIsVisible = 0;
			defaultConfigurationName = Release;
		};
		A1234567890ABCDEF0000090 /* Build configuration list for PBXProject "AirGapSync" */ = {
			isa = XCConfigurationList;
			buildConfigurations = (
				A1234567890ABCDEF0000100 /* Debug */,
				A1234567890ABCDEF0000101 /* Release */,
			);
			defaultConfigurationIsVisible = 0;
			defaultConfigurationName = Release;
		};
/* End XCConfigurationList section */
	};
	rootObject = A1234567890ABCDEF0000080 /* Project object */;
}