// !$*UTF8*$!
{
	archiveVersion = 1;
	classes = {
	};
	objectVersion = 54;
	objects = {

/* Begin PBXBuildFile section */
		4696F1C1278F45D2963B1AB1 /* MenuBarApp.swift in Sources */ = {isa = PBXBuildFile; fileRef = 28EEC8FD048142CBAC3F5A2A /* MenuBarApp.swift */; };
		138028DA03EC49A8AFD9DC85 /* SyncManager.swift in Sources */ = {isa = PBXBuildFile; fileRef = 1D3520138F104512B0A3B2D3 /* SyncManager.swift */; };
		95831FA406794E45A29E8B7E /* FFIBridge.swift in Sources */ = {isa = PBXBuildFile; fileRef = 1735AD763C6B4EA8921EFC51 /* FFIBridge.swift */; };
/* End PBXBuildFile section */

/* Begin PBXFileReference section */
		659F0814344D4C508059355C /* AirGapSync.app */ = {isa = PBXFileReference; explicitFileType = wrapper.application; includeInIndex = 0; path = AirGapSync.app; sourceTree = BUILT_PRODUCTS_DIR; };
		28EEC8FD048142CBAC3F5A2A /* MenuBarApp.swift */ = {isa = PBXFileReference; lastKnownFileType = sourcecode.swift; path = MenuBarApp.swift; sourceTree = "<group>"; };
		1D3520138F104512B0A3B2D3 /* SyncManager.swift */ = {isa = PBXFileReference; lastKnownFileType = sourcecode.swift; path = SyncManager.swift; sourceTree = "<group>"; };
		1735AD763C6B4EA8921EFC51 /* FFIBridge.swift */ = {isa = PBXFileReference; lastKnownFileType = sourcecode.swift; path = FFIBridge.swift; sourceTree = "<group>"; };
/* End PBXFileReference section */

/* Begin PBXFrameworksBuildPhase section */
		C8E3B12D84114EE48D30BE73 /* Frameworks */ = {
			isa = PBXFrameworksBuildPhase;
			buildActionMask = 2147483647;
			files = (
			);
			runOnlyForDeploymentPostprocessing = 0;
		};
/* End PBXFrameworksBuildPhase section */

/* Begin PBXGroup section */
		E50BCC894457488A8ACAAFE0 = {
			isa = PBXGroup;
			children = (
				94BD176C3CF64D9E9B92B1E5 /* AirGapSync */,
				26935F8E6AAC424593DDEDD2 /* Products */,
			);
			sourceTree = "<group>";
		};
		94BD176C3CF64D9E9B92B1E5 /* AirGapSync */ = {
			isa = PBXGroup;
			children = (
				28EEC8FD048142CBAC3F5A2A /* MenuBarApp.swift */,
				1D3520138F104512B0A3B2D3 /* SyncManager.swift */,
				1735AD763C6B4EA8921EFC51 /* FFIBridge.swift */,
			);
			path = AirGapSync/AirGapSync;
			sourceTree = "<group>";
		};
		26935F8E6AAC424593DDEDD2 /* Products */ = {
			isa = PBXGroup;
			children = (
				659F0814344D4C508059355C /* AirGapSync.app */,
			);
			name = Products;
			sourceTree = "<group>";
		};
/* End PBXGroup section */

/* Begin PBXNativeTarget section */
		31443A7012CC4290A2EED3F5 /* AirGapSync */ = {
			isa = PBXNativeTarget;
			buildConfigurationList = 6ECDECFBEE89485C9D8E64EE /* Build configuration list for PBXNativeTarget "AirGapSync" */;
			buildPhases = (
				76C37ED8D73A41AFA5C04B0D /* Build Rust Library */,
				2BF37828A81E4BB29F678140 /* Sources */,
				C8E3B12D84114EE48D30BE73 /* Frameworks */,
				E70C4A67A51E4973AA428134 /* Resources */,
			);
			buildRules = (
			);
			dependencies = (
			);
			name = AirGapSync;
			productName = AirGapSync;
			productReference = 659F0814344D4C508059355C /* AirGapSync.app */;
			productType = "com.apple.product-type.application";
		};
/* End PBXNativeTarget section */

/* Begin PBXProject section */
		766920DD15524D428A72B214 /* Project object */ = {
			isa = PBXProject;
			attributes = {
				LastSwiftUpdateCheck = 1500;
				LastUpgradeCheck = 1500;
				TargetAttributes = {
					31443A7012CC4290A2EED3F5 = {
						CreatedOnToolsVersion = 15.0;
					};
				};
			};
			buildConfigurationList = 595259BB4D9D4008AFB1036D /* Build configuration list for PBXProject "AirGapSync" */;
			compatibilityVersion = "Xcode 12.0";
			developmentRegion = en;
			hasScannedForEncodings = 0;
			knownRegions = (
				en,
				Base,
			);
			mainGroup = E50BCC894457488A8ACAAFE0;
			productRefGroup = 26935F8E6AAC424593DDEDD2 /* Products */;
			projectDirPath = "";
			projectRoot = "";
			targets = (
				31443A7012CC4290A2EED3F5 /* AirGapSync */,
			);
		};
/* End PBXProject section */

/* Begin PBXResourcesBuildPhase section */
		E70C4A67A51E4973AA428134 /* Resources */ = {
			isa = PBXResourcesBuildPhase;
			buildActionMask = 2147483647;
			files = (
			);
			runOnlyForDeploymentPostprocessing = 0;
		};
/* End PBXResourcesBuildPhase section */

/* Begin PBXShellScriptBuildPhase section */
		76C37ED8D73A41AFA5C04B0D /* Build Rust Library */ = {
			isa = PBXShellScriptBuildPhase;
			buildActionMask = 2147483647;
			files = (
			);
			inputFileListPaths = (
			);
			inputPaths = (
			);
			name = "Build Rust Library";
			outputFileListPaths = (
			);
			outputPaths = (
			);
			runOnlyForDeploymentPostprocessing = 0;
			shellPath = /bin/sh;
			shellScript = "cd \"${SRCROOT}\"\necho \"Building Rust library...\"\ncargo build --lib --release\nmkdir -p lib\ncp target/release/libairgap_sync.a lib/\ncp target/airgapsync.h lib/\necho \"Rust library built successfully\"\n";
		};
/* End PBXShellScriptBuildPhase section */

/* Begin PBXSourcesBuildPhase section */
		2BF37828A81E4BB29F678140 /* Sources */ = {
			isa = PBXSourcesBuildPhase;
			buildActionMask = 2147483647;
			files = (
				4696F1C1278F45D2963B1AB1 /* MenuBarApp.swift in Sources */,
				138028DA03EC49A8AFD9DC85 /* SyncManager.swift in Sources */,
				95831FA406794E45A29E8B7E /* FFIBridge.swift in Sources */,
			);
			runOnlyForDeploymentPostprocessing = 0;
		};
/* End PBXSourcesBuildPhase section */

/* Begin XCBuildConfiguration section */
		F993129AD4F34946A403E7E5 /* Debug */ = {
			isa = XCBuildConfiguration;
			buildSettings = {
				ALWAYS_SEARCH_USER_PATHS = NO;
				CLANG_ANALYZER_NONNULL = YES;
				CLANG_CXX_LANGUAGE_STANDARD = "gnu++17";
				CLANG_WARN_BLOCK_CAPTURE_AUTORELEASING = YES;
				CLANG_WARN_DOCUMENTATION_COMMENTS = YES;
				COPY_PHASE_STRIP = NO;
				DEBUG_INFORMATION_FORMAT = dwarf;
				ENABLE_STRICT_OBJC_MSGSEND = YES;
				ENABLE_TESTABILITY = YES;
				GCC_NO_COMMON_BLOCKS = YES;
				GCC_OPTIMIZATION_LEVEL = 0;
				GCC_WARN_ABOUT_RETURN_TYPE = YES_ERROR;
				GCC_WARN_UNINITIALIZED_AUTOS = YES_AGGRESSIVE;
				MACOSX_DEPLOYMENT_TARGET = 13.0;
				ONLY_ACTIVE_ARCH = YES;
				SDKROOT = macosx;
				SWIFT_ACTIVE_COMPILATION_CONDITIONS = DEBUG;
				SWIFT_OPTIMIZATION_LEVEL = "-Onone";
			};
			name = Debug;
		};
		065BA0C3586B42C8A086856B /* Release */ = {
			isa = XCBuildConfiguration;
			buildSettings = {
				ALWAYS_SEARCH_USER_PATHS = NO;
				CLANG_ANALYZER_NONNULL = YES;
				CLANG_CXX_LANGUAGE_STANDARD = "gnu++17";
				CLANG_WARN_BLOCK_CAPTURE_AUTORELEASING = YES;
				CLANG_WARN_DOCUMENTATION_COMMENTS = YES;
				COPY_PHASE_STRIP = NO;
				DEBUG_INFORMATION_FORMAT = "dwarf-with-dsym";
				ENABLE_NS_ASSERTIONS = NO;
				ENABLE_STRICT_OBJC_MSGSEND = YES;
				GCC_NO_COMMON_BLOCKS = YES;
				GCC_WARN_ABOUT_RETURN_TYPE = YES_ERROR;
				GCC_WARN_UNINITIALIZED_AUTOS = YES_AGGRESSIVE;
				MACOSX_DEPLOYMENT_TARGET = 13.0;
				SDKROOT = macosx;
				SWIFT_COMPILATION_MODE = wholemodule;
				SWIFT_OPTIMIZATION_LEVEL = "-O";
			};
			name = Release;
		};
		4A11BBD05A2A4AB79FEB204B /* Debug */ = {
			isa = XCBuildConfiguration;
			buildSettings = {
				ASSETCATALOG_COMPILER_APPICON_NAME = AppIcon;
				CODE_SIGN_STYLE = Automatic;
				COMBINE_HIDPI_IMAGES = YES;
				CURRENT_PROJECT_VERSION = 1;
				DEVELOPMENT_TEAM = "";
				ENABLE_HARDENED_RUNTIME = YES;
				ENABLE_PREVIEWS = YES;
				GENERATE_INFOPLIST_FILE = YES;
				HEADER_SEARCH_PATHS = (
					"$(SRCROOT)/lib",
					"$(SRCROOT)/target",
				);
				INFOPLIST_KEY_NSHumanReadableCopyright = "";
				LD_RUNPATH_SEARCH_PATHS = (
					"@executable_path/../Frameworks",
				);
				LIBRARY_SEARCH_PATHS = (
					"$(SRCROOT)/lib",
					"$(SRCROOT)/target/release",
					"$(SRCROOT)/target/debug",
				);
				MARKETING_VERSION = 1.0;
				OTHER_LDFLAGS = (
					"-lairgap_sync",
					"-lresolv",
				);
				PRODUCT_BUNDLE_IDENTIFIER = com.airgapsync.app;
				PRODUCT_NAME = "$(TARGET_NAME)";
				SWIFT_EMIT_LOC_STRINGS = YES;
				SWIFT_OBJC_BRIDGING_HEADER = "$(SRCROOT)/AirGapSync/AirGapSync-Bridging-Header.h";
				SWIFT_VERSION = 5.0;
			};
			name = Debug;
		};
		492B6FDF191A46DDBC5D586B /* Release */ = {
			isa = XCBuildConfiguration;
			buildSettings = {
				ASSETCATALOG_COMPILER_APPICON_NAME = AppIcon;
				CODE_SIGN_STYLE = Automatic;
				COMBINE_HIDPI_IMAGES = YES;
				CURRENT_PROJECT_VERSION = 1;
				DEVELOPMENT_TEAM = "";
				ENABLE_HARDENED_RUNTIME = YES;
				ENABLE_PREVIEWS = YES;
				GENERATE_INFOPLIST_FILE = YES;
				HEADER_SEARCH_PATHS = (
					"$(SRCROOT)/lib",
					"$(SRCROOT)/target",
				);
				INFOPLIST_KEY_NSHumanReadableCopyright = "";
				LD_RUNPATH_SEARCH_PATHS = (
					"@executable_path/../Frameworks",
				);
				LIBRARY_SEARCH_PATHS = (
					"$(SRCROOT)/lib",
					"$(SRCROOT)/target/release",
					"$(SRCROOT)/target/debug",
				);
				MARKETING_VERSION = 1.0;
				OTHER_LDFLAGS = (
					"-lairgap_sync",
					"-lresolv",
				);
				PRODUCT_BUNDLE_IDENTIFIER = com.airgapsync.app;
				PRODUCT_NAME = "$(TARGET_NAME)";
				SWIFT_EMIT_LOC_STRINGS = YES;
				SWIFT_OBJC_BRIDGING_HEADER = "$(SRCROOT)/AirGapSync/AirGapSync-Bridging-Header.h";
				SWIFT_VERSION = 5.0;
			};
			name = Release;
		};
/* End XCBuildConfiguration section */

/* Begin XCConfigurationList section */
		595259BB4D9D4008AFB1036D /* Build configuration list for PBXProject "AirGapSync" */ = {
			isa = XCConfigurationList;
			buildConfigurations = (
				F993129AD4F34946A403E7E5 /* Debug */,
				065BA0C3586B42C8A086856B /* Release */,
			);
			defaultConfigurationIsVisible = 0;
			defaultConfigurationName = Release;
		};
		6ECDECFBEE89485C9D8E64EE /* Build configuration list for PBXNativeTarget "AirGapSync" */ = {
			isa = XCConfigurationList;
			buildConfigurations = (
				3F5FFEF6EC8C4D27BF7483ED /* Debug */,
				658E545A29D945C49CEF0307 /* Release */,
			);
			defaultConfigurationIsVisible = 0;
			defaultConfigurationName = Release;
		};
/* End XCConfigurationList section */
	};
	rootObject = 766920DD15524D428A72B214 /* Project object */;
}
